// !$*UTF8*$!
{
	archiveVersion = 1;
	classes = {
	};
	objectVersion = 50;
	objects = {

/* Begin PBXBuildFile section */
		7B96A426256DCE3E00C2EF41 /* qodehub_swiftuiApp.swift in Sources */ = {isa = PBXBuildFile; fileRef = 7B96A413256DCE3C00C2EF41 /* qodehub_swiftuiApp.swift */; };
		7B96A427256DCE3E00C2EF41 /* qodehub_swiftuiApp.swift in Sources */ = {isa = PBXBuildFile; fileRef = 7B96A413256DCE3C00C2EF41 /* qodehub_swiftuiApp.swift */; };
		7B96A428256DCE3E00C2EF41 /* ContentView.swift in Sources */ = {isa = PBXBuildFile; fileRef = 7B96A414256DCE3C00C2EF41 /* ContentView.swift */; };
		7B96A42A256DCE3E00C2EF41 /* Assets.xcassets in Resources */ = {isa = PBXBuildFile; fileRef = 7B96A415256DCE3E00C2EF41 /* Assets.xcassets */; };
		7B96A42B256DCE3E00C2EF41 /* Assets.xcassets in Resources */ = {isa = PBXBuildFile; fileRef = 7B96A415256DCE3E00C2EF41 /* Assets.xcassets */; };
		7B96A43C256DCF7E00C2EF41 /* NewsResponse.swift in Sources */ = {isa = PBXBuildFile; fileRef = 7B96A43B256DCF7E00C2EF41 /* NewsResponse.swift */; };
		7B96A442256DD0AD00C2EF41 /* NewsViewModel.swift in Sources */ = {isa = PBXBuildFile; fileRef = 7B96A441256DD0AD00C2EF41 /* NewsViewModel.swift */; };
		7B96A446256DD23100C2EF41 /* NetworkManager.swift in Sources */ = {isa = PBXBuildFile; fileRef = 7B96A445256DD23100C2EF41 /* NetworkManager.swift */; };
		7B96A450256DD43500C2EF41 /* TableViewCell.swift in Sources */ = {isa = PBXBuildFile; fileRef = 7B96A44F256DD43500C2EF41 /* TableViewCell.swift */; };
		7B96A454256E9C8200C2EF41 /* PostModel.swift in Sources */ = {isa = PBXBuildFile; fileRef = 7B96A453256E9C8200C2EF41 /* PostModel.swift */; };
		7B96A458256E9CB100C2EF41 /* PostResponse.swift in Sources */ = {isa = PBXBuildFile; fileRef = 7B96A457256E9CB100C2EF41 /* PostResponse.swift */; };
		7B96A45D256EA8DF00C2EF41 /* ContentView.swift in Sources */ = {isa = PBXBuildFile; fileRef = 7B96A414256DCE3C00C2EF41 /* ContentView.swift */; };
		7B96A460256EAA8400C2EF41 /* TableViewCell.swift in Sources */ = {isa = PBXBuildFile; fileRef = 7B96A44F256DD43500C2EF41 /* TableViewCell.swift */; };
		7B96A464256EBA4600C2EF41 /* NewsDetailView.swift in Sources */ = {isa = PBXBuildFile; fileRef = 7B96A463256EBA4600C2EF41 /* NewsDetailView.swift */; };
		7BB4D4E7256EBDEF00C2D13D /* NewsDetailView.swift in Sources */ = {isa = PBXBuildFile; fileRef = 7B96A463256EBA4600C2EF41 /* NewsDetailView.swift */; };
/* End PBXBuildFile section */

/* Begin PBXFileReference section */
		7B96A413256DCE3C00C2EF41 /* qodehub_swiftuiApp.swift */ = {isa = PBXFileReference; lastKnownFileType = sourcecode.swift; path = qodehub_swiftuiApp.swift; sourceTree = "<group>"; };
		7B96A414256DCE3C00C2EF41 /* ContentView.swift */ = {isa = PBXFileReference; lastKnownFileType = sourcecode.swift; path = ContentView.swift; sourceTree = "<group>"; };
		7B96A415256DCE3E00C2EF41 /* Assets.xcassets */ = {isa = PBXFileReference; lastKnownFileType = folder.assetcatalog; path = Assets.xcassets; sourceTree = "<group>"; };
		7B96A41A256DCE3E00C2EF41 /* qodehub-swiftui.app */ = {isa = PBXFileReference; explicitFileType = wrapper.application; includeInIndex = 0; path = "qodehub-swiftui.app"; sourceTree = BUILT_PRODUCTS_DIR; };
		7B96A41D256DCE3E00C2EF41 /* Info.plist */ = {isa = PBXFileReference; lastKnownFileType = text.plist.xml; path = Info.plist; sourceTree = "<group>"; };
		7B96A422256DCE3E00C2EF41 /* qodehub-swiftui.app */ = {isa = PBXFileReference; explicitFileType = wrapper.application; includeInIndex = 0; path = "qodehub-swiftui.app"; sourceTree = BUILT_PRODUCTS_DIR; };
		7B96A424256DCE3E00C2EF41 /* Info.plist */ = {isa = PBXFileReference; lastKnownFileType = text.plist.xml; path = Info.plist; sourceTree = "<group>"; };
		7B96A425256DCE3E00C2EF41 /* macOS.entitlements */ = {isa = PBXFileReference; lastKnownFileType = text.plist.entitlements; path = macOS.entitlements; sourceTree = "<group>"; };
		7B96A43B256DCF7E00C2EF41 /* NewsResponse.swift */ = {isa = PBXFileReference; lastKnownFileType = sourcecode.swift; path = NewsResponse.swift; sourceTree = "<group>"; };
		7B96A441256DD0AD00C2EF41 /* NewsViewModel.swift */ = {isa = PBXFileReference; lastKnownFileType = sourcecode.swift; path = NewsViewModel.swift; sourceTree = "<group>"; };
		7B96A445256DD23100C2EF41 /* NetworkManager.swift */ = {isa = PBXFileReference; lastKnownFileType = sourcecode.swift; path = NetworkManager.swift; sourceTree = "<group>"; };
		7B96A44F256DD43500C2EF41 /* TableViewCell.swift */ = {isa = PBXFileReference; lastKnownFileType = sourcecode.swift; path = TableViewCell.swift; sourceTree = "<group>"; };
		7B96A453256E9C8200C2EF41 /* PostModel.swift */ = {isa = PBXFileReference; lastKnownFileType = sourcecode.swift; path = PostModel.swift; sourceTree = "<group>"; };
		7B96A457256E9CB100C2EF41 /* PostResponse.swift */ = {isa = PBXFileReference; lastKnownFileType = sourcecode.swift; path = PostResponse.swift; sourceTree = "<group>"; };
		7B96A463256EBA4600C2EF41 /* NewsDetailView.swift */ = {isa = PBXFileReference; lastKnownFileType = sourcecode.swift; path = NewsDetailView.swift; sourceTree = "<group>"; };
/* End PBXFileReference section */

/* Begin PBXFrameworksBuildPhase section */
		7B96A417256DCE3E00C2EF41 /* Frameworks */ = {
			isa = PBXFrameworksBuildPhase;
			buildActionMask = 2147483647;
			files = (
			);
			runOnlyForDeploymentPostprocessing = 0;
		};
		7B96A41F256DCE3E00C2EF41 /* Frameworks */ = {
			isa = PBXFrameworksBuildPhase;
			buildActionMask = 2147483647;
			files = (
			);
			runOnlyForDeploymentPostprocessing = 0;
		};
/* End PBXFrameworksBuildPhase section */

/* Begin PBXGroup section */
		7B96A40D256DCE3C00C2EF41 = {
			isa = PBXGroup;
			children = (
				7B96A412256DCE3C00C2EF41 /* Shared */,
				7B96A41C256DCE3E00C2EF41 /* iOS */,
				7B96A423256DCE3E00C2EF41 /* macOS */,
				7B96A41B256DCE3E00C2EF41 /* Products */,
			);
			sourceTree = "<group>";
		};
		7B96A412256DCE3C00C2EF41 /* Shared */ = {
			isa = PBXGroup;
			children = (
				7B96A43A256DCEA300C2EF41 /* Model */,
				7B96A436256DCE8800C2EF41 /* ViewModel */,
				7B96A437256DCE9200C2EF41 /* View */,
				7B96A413256DCE3C00C2EF41 /* qodehub_swiftuiApp.swift */,
				7B96A415256DCE3E00C2EF41 /* Assets.xcassets */,
				7B96A445256DD23100C2EF41 /* NetworkManager.swift */,
			);
			path = Shared;
			sourceTree = "<group>";
		};
		7B96A41B256DCE3E00C2EF41 /* Products */ = {
			isa = PBXGroup;
			children = (
				7B96A41A256DCE3E00C2EF41 /* qodehub-swiftui.app */,
				7B96A422256DCE3E00C2EF41 /* qodehub-swiftui.app */,
			);
			name = Products;
			sourceTree = "<group>";
		};
		7B96A41C256DCE3E00C2EF41 /* iOS */ = {
			isa = PBXGroup;
			children = (
				7B96A41D256DCE3E00C2EF41 /* Info.plist */,
			);
			path = iOS;
			sourceTree = "<group>";
		};
		7B96A423256DCE3E00C2EF41 /* macOS */ = {
			isa = PBXGroup;
			children = (
				7B96A424256DCE3E00C2EF41 /* Info.plist */,
				7B96A425256DCE3E00C2EF41 /* macOS.entitlements */,
			);
			path = macOS;
			sourceTree = "<group>";
		};
		7B96A436256DCE8800C2EF41 /* ViewModel */ = {
			isa = PBXGroup;
			children = (
				7B96A441256DD0AD00C2EF41 /* NewsViewModel.swift */,
			);
			path = ViewModel;
			sourceTree = "<group>";
		};
		7B96A437256DCE9200C2EF41 /* View */ = {
			isa = PBXGroup;
			children = (
				7B96A414256DCE3C00C2EF41 /* ContentView.swift */,
				7B96A44F256DD43500C2EF41 /* TableViewCell.swift */,
				7B96A463256EBA4600C2EF41 /* NewsDetailView.swift */,
			);
			path = View;
			sourceTree = "<group>";
		};
		7B96A43A256DCEA300C2EF41 /* Model */ = {
			isa = PBXGroup;
			children = (
				7B96A43B256DCF7E00C2EF41 /* NewsResponse.swift */,
				7B96A453256E9C8200C2EF41 /* PostModel.swift */,
				7B96A457256E9CB100C2EF41 /* PostResponse.swift */,
			);
			path = Model;
			sourceTree = "<group>";
		};
/* End PBXGroup section */

/* Begin PBXNativeTarget section */
		7B96A419256DCE3E00C2EF41 /* qodehub-swiftui (iOS) */ = {
			isa = PBXNativeTarget;
			buildConfigurationList = 7B96A42E256DCE3E00C2EF41 /* Build configuration list for PBXNativeTarget "qodehub-swiftui (iOS)" */;
			buildPhases = (
				7B96A416256DCE3E00C2EF41 /* Sources */,
				7B96A417256DCE3E00C2EF41 /* Frameworks */,
				7B96A418256DCE3E00C2EF41 /* Resources */,
			);
			buildRules = (
			);
			dependencies = (
			);
			name = "qodehub-swiftui (iOS)";
			productName = "qodehub-swiftui (iOS)";
			productReference = 7B96A41A256DCE3E00C2EF41 /* qodehub-swiftui.app */;
			productType = "com.apple.product-type.application";
		};
		7B96A421256DCE3E00C2EF41 /* qodehub-swiftui (macOS) */ = {
			isa = PBXNativeTarget;
			buildConfigurationList = 7B96A431256DCE3E00C2EF41 /* Build configuration list for PBXNativeTarget "qodehub-swiftui (macOS)" */;
			buildPhases = (
				7B96A41E256DCE3E00C2EF41 /* Sources */,
				7B96A41F256DCE3E00C2EF41 /* Frameworks */,
				7B96A420256DCE3E00C2EF41 /* Resources */,
			);
			buildRules = (
			);
			dependencies = (
			);
			name = "qodehub-swiftui (macOS)";
			productName = "qodehub-swiftui (macOS)";
			productReference = 7B96A422256DCE3E00C2EF41 /* qodehub-swiftui.app */;
			productType = "com.apple.product-type.application";
		};
/* End PBXNativeTarget section */

/* Begin PBXProject section */
		7B96A40E256DCE3C00C2EF41 /* Project object */ = {
			isa = PBXProject;
			attributes = {
				LastSwiftUpdateCheck = 1220;
				LastUpgradeCheck = 1220;
				TargetAttributes = {
					7B96A419256DCE3E00C2EF41 = {
						CreatedOnToolsVersion = 12.2;
					};
					7B96A421256DCE3E00C2EF41 = {
						CreatedOnToolsVersion = 12.2;
					};
				};
			};
			buildConfigurationList = 7B96A411256DCE3C00C2EF41 /* Build configuration list for PBXProject "qodehub-swiftui" */;
			compatibilityVersion = "Xcode 9.3";
			developmentRegion = en;
			hasScannedForEncodings = 0;
			knownRegions = (
				en,
				Base,
			);
			mainGroup = 7B96A40D256DCE3C00C2EF41;
			productRefGroup = 7B96A41B256DCE3E00C2EF41 /* Products */;
			projectDirPath = "";
			projectRoot = "";
			targets = (
				7B96A419256DCE3E00C2EF41 /* qodehub-swiftui (iOS) */,
				7B96A421256DCE3E00C2EF41 /* qodehub-swiftui (macOS) */,
			);
		};
/* End PBXProject section */

/* Begin PBXResourcesBuildPhase section */
		7B96A418256DCE3E00C2EF41 /* Resources */ = {
			isa = PBXResourcesBuildPhase;
			buildActionMask = 2147483647;
			files = (
				7B96A42A256DCE3E00C2EF41 /* Assets.xcassets in Resources */,
			);
			runOnlyForDeploymentPostprocessing = 0;
		};
		7B96A420256DCE3E00C2EF41 /* Resources */ = {
			isa = PBXResourcesBuildPhase;
			buildActionMask = 2147483647;
			files = (
				7B96A42B256DCE3E00C2EF41 /* Assets.xcassets in Resources */,
			);
			runOnlyForDeploymentPostprocessing = 0;
		};
/* End PBXResourcesBuildPhase section */

/* Begin PBXSourcesBuildPhase section */
		7B96A416256DCE3E00C2EF41 /* Sources */ = {
			isa = PBXSourcesBuildPhase;
			buildActionMask = 2147483647;
			files = (
				7B96A428256DCE3E00C2EF41 /* ContentView.swift in Sources */,
				7B96A464256EBA4600C2EF41 /* NewsDetailView.swift in Sources */,
				7B96A426256DCE3E00C2EF41 /* qodehub_swiftuiApp.swift in Sources */,
				7B96A458256E9CB100C2EF41 /* PostResponse.swift in Sources */,
				7B96A446256DD23100C2EF41 /* NetworkManager.swift in Sources */,
				7B96A454256E9C8200C2EF41 /* PostModel.swift in Sources */,
				7B96A450256DD43500C2EF41 /* TableViewCell.swift in Sources */,
				7B96A43C256DCF7E00C2EF41 /* NewsResponse.swift in Sources */,
				7B96A442256DD0AD00C2EF41 /* NewsViewModel.swift in Sources */,
			);
			runOnlyForDeploymentPostprocessing = 0;
		};
		7B96A41E256DCE3E00C2EF41 /* Sources */ = {
			isa = PBXSourcesBuildPhase;
			buildActionMask = 2147483647;
			files = (
				7B96A460256EAA8400C2EF41 /* TableViewCell.swift in Sources */,
				7B96A45D256EA8DF00C2EF41 /* ContentView.swift in Sources */,
				7BB4D4E7256EBDEF00C2D13D /* NewsDetailView.swift in Sources */,
				7B96A427256DCE3E00C2EF41 /* qodehub_swiftuiApp.swift in Sources */,
			);
			runOnlyForDeploymentPostprocessing = 0;
		};
/* End PBXSourcesBuildPhase section */

/* Begin XCBuildConfiguration section */
		7B96A42C256DCE3E00C2EF41 /* Debug */ = {
			isa = XCBuildConfiguration;
			buildSettings = {
				ALWAYS_SEARCH_USER_PATHS = NO;
				CLANG_ANALYZER_NONNULL = YES;
				CLANG_ANALYZER_NUMBER_OBJECT_CONVERSION = YES_AGGRESSIVE;
				CLANG_CXX_LANGUAGE_STANDARD = "gnu++14";
				CLANG_CXX_LIBRARY = "libc++";
				CLANG_ENABLE_MODULES = YES;
				CLANG_ENABLE_OBJC_ARC = YES;
				CLANG_ENABLE_OBJC_WEAK = YES;
				CLANG_WARN_BLOCK_CAPTURE_AUTORELEASING = YES;
				CLANG_WARN_BOOL_CONVERSION = YES;
				CLANG_WARN_COMMA = YES;
				CLANG_WARN_CONSTANT_CONVERSION = YES;
				CLANG_WARN_DEPRECATED_OBJC_IMPLEMENTATIONS = YES;
				CLANG_WARN_DIRECT_OBJC_ISA_USAGE = YES_ERROR;
				CLANG_WARN_DOCUMENTATION_COMMENTS = YES;
				CLANG_WARN_EMPTY_BODY = YES;
				CLANG_WARN_ENUM_CONVERSION = YES;
				CLANG_WARN_INFINITE_RECURSION = YES;
				CLANG_WARN_INT_CONVERSION = YES;
				CLANG_WARN_NON_LITERAL_NULL_CONVERSION = YES;
				CLANG_WARN_OBJC_IMPLICIT_RETAIN_SELF = YES;
				CLANG_WARN_OBJC_LITERAL_CONVERSION = YES;
				CLANG_WARN_OBJC_ROOT_CLASS = YES_ERROR;
				CLANG_WARN_QUOTED_INCLUDE_IN_FRAMEWORK_HEADER = YES;
				CLANG_WARN_RANGE_LOOP_ANALYSIS = YES;
				CLANG_WARN_STRICT_PROTOTYPES = YES;
				CLANG_WARN_SUSPICIOUS_MOVE = YES;
				CLANG_WARN_UNGUARDED_AVAILABILITY = YES_AGGRESSIVE;
				CLANG_WARN_UNREACHABLE_CODE = YES;
				CLANG_WARN__DUPLICATE_METHOD_MATCH = YES;
				COPY_PHASE_STRIP = NO;
				DEBUG_INFORMATION_FORMAT = dwarf;
				ENABLE_STRICT_OBJC_MSGSEND = YES;
				ENABLE_TESTABILITY = YES;
				GCC_C_LANGUAGE_STANDARD = gnu11;
				GCC_DYNAMIC_NO_PIC = NO;
				GCC_NO_COMMON_BLOCKS = YES;
				GCC_OPTIMIZATION_LEVEL = 0;
				GCC_PREPROCESSOR_DEFINITIONS = (
					"DEBUG=1",
					"$(inherited)",
				);
				GCC_WARN_64_TO_32_BIT_CONVERSION = YES;
				GCC_WARN_ABOUT_RETURN_TYPE = YES_ERROR;
				GCC_WARN_UNDECLARED_SELECTOR = YES;
				GCC_WARN_UNINITIALIZED_AUTOS = YES_AGGRESSIVE;
				GCC_WARN_UNUSED_FUNCTION = YES;
				GCC_WARN_UNUSED_VARIABLE = YES;
				MTL_ENABLE_DEBUG_INFO = INCLUDE_SOURCE;
				MTL_FAST_MATH = YES;
				ONLY_ACTIVE_ARCH = YES;
				SWIFT_ACTIVE_COMPILATION_CONDITIONS = DEBUG;
				SWIFT_OPTIMIZATION_LEVEL = "-Onone";
			};
			name = Debug;
		};
		7B96A42D256DCE3E00C2EF41 /* Release */ = {
			isa = XCBuildConfiguration;
			buildSettings = {
				ALWAYS_SEARCH_USER_PATHS = NO;
				CLANG_ANALYZER_NONNULL = YES;
				CLANG_ANALYZER_NUMBER_OBJECT_CONVERSION = YES_AGGRESSIVE;
				CLANG_CXX_LANGUAGE_STANDARD = "gnu++14";
				CLANG_CXX_LIBRARY = "libc++";
				CLANG_ENABLE_MODULES = YES;
				CLANG_ENABLE_OBJC_ARC = YES;
				CLANG_ENABLE_OBJC_WEAK = YES;
				CLANG_WARN_BLOCK_CAPTURE_AUTORELEASING = YES;
				CLANG_WARN_BOOL_CONVERSION = YES;
				CLANG_WARN_COMMA = YES;
				CLANG_WARN_CONSTANT_CONVERSION = YES;
				CLANG_WARN_DEPRECATED_OBJC_IMPLEMENTATIONS = YES;
				CLANG_WARN_DIRECT_OBJC_ISA_USAGE = YES_ERROR;
				CLANG_WARN_DOCUMENTATION_COMMENTS = YES;
				CLANG_WARN_EMPTY_BODY = YES;
				CLANG_WARN_ENUM_CONVERSION = YES;
				CLANG_WARN_INFINITE_RECURSION = YES;
				CLANG_WARN_INT_CONVERSION = YES;
				CLANG_WARN_NON_LITERAL_NULL_CONVERSION = YES;
				CLANG_WARN_OBJC_IMPLICIT_RETAIN_SELF = YES;
				CLANG_WARN_OBJC_LITERAL_CONVERSION = YES;
				CLANG_WARN_OBJC_ROOT_CLASS = YES_ERROR;
				CLANG_WARN_QUOTED_INCLUDE_IN_FRAMEWORK_HEADER = YES;
				CLANG_WARN_RANGE_LOOP_ANALYSIS = YES;
				CLANG_WARN_STRICT_PROTOTYPES = YES;
				CLANG_WARN_SUSPICIOUS_MOVE = YES;
				CLANG_WARN_UNGUARDED_AVAILABILITY = YES_AGGRESSIVE;
				CLANG_WARN_UNREACHABLE_CODE = YES;
				CLANG_WARN__DUPLICATE_METHOD_MATCH = YES;
				COPY_PHASE_STRIP = NO;
				DEBUG_INFORMATION_FORMAT = "dwarf-with-dsym";
				ENABLE_NS_ASSERTIONS = NO;
				ENABLE_STRICT_OBJC_MSGSEND = YES;
				GCC_C_LANGUAGE_STANDARD = gnu11;
				GCC_NO_COMMON_BLOCKS = YES;
				GCC_WARN_64_TO_32_BIT_CONVERSION = YES;
				GCC_WARN_ABOUT_RETURN_TYPE = YES_ERROR;
				GCC_WARN_UNDECLARED_SELECTOR = YES;
				GCC_WARN_UNINITIALIZED_AUTOS = YES_AGGRESSIVE;
				GCC_WARN_UNUSED_FUNCTION = YES;
				GCC_WARN_UNUSED_VARIABLE = YES;
				MTL_ENABLE_DEBUG_INFO = NO;
				MTL_FAST_MATH = YES;
				SWIFT_COMPILATION_MODE = wholemodule;
				SWIFT_OPTIMIZATION_LEVEL = "-O";
			};
			name = Release;
		};
		7B96A42F256DCE3E00C2EF41 /* Debug */ = {
			isa = XCBuildConfiguration;
			buildSettings = {
				ASSETCATALOG_COMPILER_APPICON_NAME = AppIcon;
				ASSETCATALOG_COMPILER_GLOBAL_ACCENT_COLOR_NAME = AccentColor;
				CODE_SIGN_STYLE = Automatic;
				DEVELOPMENT_TEAM = 74V6ASRP4R;
				ENABLE_PREVIEWS = YES;
				INFOPLIST_FILE = iOS/Info.plist;
				IPHONEOS_DEPLOYMENT_TARGET = 14.0;
				LD_RUNPATH_SEARCH_PATHS = (
					"$(inherited)",
					"@executable_path/Frameworks",
				);
				PRODUCT_BUNDLE_IDENTIFIER = "com.machu.qodehub-swiftui";
				PRODUCT_NAME = "qodehub-swiftui";
				SDKROOT = iphoneos;
				SWIFT_VERSION = 5.0;
				TARGETED_DEVICE_FAMILY = "1,2";
			};
			name = Debug;
		};
		7B96A430256DCE3E00C2EF41 /* Release */ = {
			isa = XCBuildConfiguration;
			buildSettings = {
				ASSETCATALOG_COMPILER_APPICON_NAME = AppIcon;
				ASSETCATALOG_COMPILER_GLOBAL_ACCENT_COLOR_NAME = AccentColor;
				CODE_SIGN_STYLE = Automatic;
				DEVELOPMENT_TEAM = 74V6ASRP4R;
				ENABLE_PREVIEWS = YES;
				INFOPLIST_FILE = iOS/Info.plist;
				IPHONEOS_DEPLOYMENT_TARGET = 14.0;
				LD_RUNPATH_SEARCH_PATHS = (
					"$(inherited)",
					"@executable_path/Frameworks",
				);
				PRODUCT_BUNDLE_IDENTIFIER = "com.machu.qodehub-swiftui";
				PRODUCT_NAME = "qodehub-swiftui";
				SDKROOT = iphoneos;
				SWIFT_VERSION = 5.0;
				TARGETED_DEVICE_FAMILY = "1,2";
				VALIDATE_PRODUCT = YES;
			};
			name = Release;
		};
		7B96A432256DCE3E00C2EF41 /* Debug */ = {
			isa = XCBuildConfiguration;
			buildSettings = {
				ASSETCATALOG_COMPILER_APPICON_NAME = AppIcon;
				ASSETCATALOG_COMPILER_GLOBAL_ACCENT_COLOR_NAME = AccentColor;
				CODE_SIGN_ENTITLEMENTS = macOS/macOS.entitlements;
				CODE_SIGN_STYLE = Automatic;
				COMBINE_HIDPI_IMAGES = YES;
				DEVELOPMENT_TEAM = 74V6ASRP4R;
				ENABLE_HARDENED_RUNTIME = YES;
				ENABLE_PREVIEWS = YES;
				INFOPLIST_FILE = macOS/Info.plist;
				LD_RUNPATH_SEARCH_PATHS = (
					"$(inherited)",
					"@executable_path/../Frameworks",
				);
				MACOSX_DEPLOYMENT_TARGET = 11.0;
				PRODUCT_BUNDLE_IDENTIFIER = "com.machu.qodehub-swiftui";
				PRODUCT_NAME = "qodehub-swiftui";
				SDKROOT = macosx;
				SWIFT_VERSION = 5.0;
			};
			name = Debug;
		};
		7B96A433256DCE3E00C2EF41 /* Release */ = {
			isa = XCBuildConfiguration;
			buildSettings = {
				ASSETCATALOG_COMPILER_APPICON_NAME = AppIcon;
				ASSETCATALOG_COMPILER_GLOBAL_ACCENT_COLOR_NAME = AccentColor;
				CODE_SIGN_ENTITLEMENTS = macOS/macOS.entitlements;
				CODE_SIGN_STYLE = Automatic;
				COMBINE_HIDPI_IMAGES = YES;
				DEVELOPMENT_TEAM = 74V6ASRP4R;
				ENABLE_HARDENED_RUNTIME = YES;
				ENABLE_PREVIEWS = YES;
				INFOPLIST_FILE = macOS/Info.plist;
				LD_RUNPATH_SEARCH_PATHS = (
					"$(inherited)",
					"@executable_path/../Frameworks",
				);
				MACOSX_DEPLOYMENT_TARGET = 11.0;
				PRODUCT_BUNDLE_IDENTIFIER = "com.machu.qodehub-swiftui";
				PRODUCT_NAME = "qodehub-swiftui";
				SDKROOT = macosx;
				SWIFT_VERSION = 5.0;
			};
			name = Release;
		};
/* End XCBuildConfiguration section */

/* Begin XCConfigurationList section */
		7B96A411256DCE3C00C2EF41 /* Build configuration list for PBXProject "qodehub-swiftui" */ = {
			isa = XCConfigurationList;
			buildConfigurations = (
				7B96A42C256DCE3E00C2EF41 /* Debug */,
				7B96A42D256DCE3E00C2EF41 /* Release */,
			);
			defaultConfigurationIsVisible = 0;
			defaultConfigurationName = Release;
		};
		7B96A42E256DCE3E00C2EF41 /* Build configuration list for PBXNativeTarget "qodehub-swiftui (iOS)" */ = {
			isa = XCConfigurationList;
			buildConfigurations = (
				7B96A42F256DCE3E00C2EF41 /* Debug */,
				7B96A430256DCE3E00C2EF41 /* Release */,
			);
			defaultConfigurationIsVisible = 0;
			defaultConfigurationName = Release;
		};
		7B96A431256DCE3E00C2EF41 /* Build configuration list for PBXNativeTarget "qodehub-swiftui (macOS)" */ = {
			isa = XCConfigurationList;
			buildConfigurations = (
				7B96A432256DCE3E00C2EF41 /* Debug */,
				7B96A433256DCE3E00C2EF41 /* Release */,
			);
			defaultConfigurationIsVisible = 0;
			defaultConfigurationName = Release;
		};
/* End XCConfigurationList section */
	};
	rootObject = 7B96A40E256DCE3C00C2EF41 /* Project object */;
}
